
Microsoft Visual Studio Solution File, Format Version 12.00
# Visual Studio Version 17
VisualStudioVersion = 17.11.35327.3
MinimumVisualStudioVersion = 10.0.40219.1
Project("{FAE04EC0-301F-11D3-BF4B-00C04F79EFBC}") = "SfListViewStickyFooterTest", "SfListViewStickyFooterTest.csproj", "{2A81C0C5-0776-4272-9B1D-0BEC432DDC6D}"
EndProject
Global
	GlobalSection(SolutionConfigurationPlatforms) = preSolution
		Debug|Any CPU = Debug|Any CPU
		Release|Any CPU = Release|Any CPU
	EndGlobalSection
	GlobalSection(ProjectConfigurationPlatforms) = postSolution
		{2A81C0C5-0776-4272-9B1D-0BEC432DDC6D}.Debug|Any CPU.ActiveCfg = Debug|Any CPU
		{2A81C0C5-0776-4272-9B1D-0BEC432DDC6D}.Debug|Any CPU.Build.0 = Debug|Any CPU
		{2A81C0C5-0776-4272-9B1D-0BEC432DDC6D}.Debug|Any CPU.Deploy.0 = Debug|Any CPU
		{2A81C0C5-0776-4272-9B1D-0BEC432DDC6D}.Release|Any CPU.ActiveCfg = Release|Any CPU
		{2A81C0C5-0776-4272-9B1D-0BEC432DDC6D}.Release|Any CPU.Build.0 = Release|Any CPU
		{2A81C0C5-0776-4272-9B1D-0BEC432DDC6D}.Release|Any CPU.Deploy.0 = Release|Any CPU
	EndGlobalSection
	GlobalSection(SolutionProperties) = preSolution
		HideSolutionNode = FALSE
	EndGlobalSection
	GlobalSection(ExtensibilityGlobals) = postSolution
		SolutionGuid = {44DA5921-754E-48BB-89E9-50EF95882BE8}
	EndGlobalSection
EndGlobal
